
Microsoft Visual Studio Solution File, Format Version 12.00
# Visual Studio Version 17
VisualStudioVersion = 17.11.35208.52
MinimumVisualStudioVersion = 10.0.40219.1
Project("{FAE04EC0-301F-11D3-BF4B-00C04F79EFBC}") = "src", "src\mail-web-app.csproj", "{232E3BAC-804E-4912-BBA9-FF184688FC0E}"
EndProject
Global
	GlobalSection(SolutionConfigurationPlatforms) = preSolution
		Debug|Any CPU = Debug|Any CPU
		Release|Any CPU = Release|Any CPU
	EndGlobalSection
	GlobalSection(ProjectConfigurationPlatforms) = postSolution
		{232E3BAC-804E-4912-BBA9-FF184688FC0E}.Debug|Any CPU.ActiveCfg = Debug|Any CPU
		{232E3BAC-804E-4912-BBA9-FF184688FC0E}.Debug|Any CPU.Build.0 = Debug|Any CPU
		{232E3BAC-804E-4912-BBA9-FF184688FC0E}.Release|Any CPU.ActiveCfg = Release|Any CPU
		{232E3BAC-804E-4912-BBA9-FF184688FC0E}.Release|Any CPU.Build.0 = Release|Any CPU
	EndGlobalSection
	GlobalSection(SolutionProperties) = preSolution
		HideSolutionNode = FALSE
	EndGlobalSection
	GlobalSection(ExtensibilityGlobals) = postSolution
		SolutionGuid = {0E454423-5D7F-4D5D-ABA3-68296983D602}
	EndGlobalSection
EndGlobal
